{
  "requires": true,
  "lockfileVersion": 1,
  "dependencies": {
    "truffle-test-helpers": {
      "version": "0.2.2",
      "resolved": "https://registry.npmjs.org/truffle-test-helpers/-/truffle-test-helpers-0.2.2.tgz",
      "integrity": "sha512-FTGMt9Q3whD6IGDlkSHLpAvD94vN6IpnXa/gaxR0PxNFGFfIWvw1p506sRDD8/JHlg21jk5ztHvfHpXD3+HGKw=="
    }
  }
}
